{
  "name": "aimodel",
  "version": "1.0.0",
  "lockfileVersion": 3,
  "requires": true,
  "packages": {
    "": {
      "name": "aimodel",
      "version": "1.0.0",
      "license": "ISC",
      "dependencies": {
        "@beads/bd": "^0.47.1"
      }
    },
    "node_modules/@beads/bd": {
      "version": "0.47.1",
      "resolved": "https://registry.npmjs.org/@beads/bd/-/bd-0.47.1.tgz",
      "integrity": "sha512-O9z7pBjEqpYfv975Z77+m1KPng1wk3E0zhRvp9WMgr+ry0+PeqO78tnh72HLOuIsx/gDmkpDa0QNWBj/+2S0wQ==",
      "cpu": [
        "x64",
        "arm64"
      ],
      "hasInstallScript": true,
      "license": "MIT",
      "os": [
        "darwin",
        "linux",
        "win32",
        "android"
      ],
      "bin": {
        "bd": "bin/bd.js"
      },
      "engines": {
        "node": ">=14.0.0"
      }
    }
  }
}
